
Microsoft Visual Studio Solution File, Format Version 12.00
# Visual Studio Version 17
VisualStudioVersion = 17.10.34928.147
MinimumVisualStudioVersion = 10.0.40219.1
Project("{9A19103F-16F7-4668-BE54-9A1E7A4F7556}") = "Fiap.Web.SmartWasteManagement", "Fiap.Web.SmartWasteManagement.csproj", "{9A3C56CD-8333-4BCE-9038-04EBD900B5A8}"
EndProject
Project("{9A19103F-16F7-4668-BE54-9A1E7A4F7556}") = "Fiap.Web.SmartWasteManagement.Tests", "..\Fiap.Web.SmartWasteManagement.Tests\Fiap.Web.SmartWasteManagement.Tests.csproj", "{799BE8F1-C25C-40FF-9393-C62487666565}"
EndProject
Global
	GlobalSection(SolutionConfigurationPlatforms) = preSolution
		Debug|Any CPU = Debug|Any CPU
		Release|Any CPU = Release|Any CPU
	EndGlobalSection
	GlobalSection(ProjectConfigurationPlatforms) = postSolution
		{9A3C56CD-8333-4BCE-9038-04EBD900B5A8}.Debug|Any CPU.ActiveCfg = Debug|Any CPU
		{9A3C56CD-8333-4BCE-9038-04EBD900B5A8}.Debug|Any CPU.Build.0 = Debug|Any CPU
		{9A3C56CD-8333-4BCE-9038-04EBD900B5A8}.Release|Any CPU.ActiveCfg = Release|Any CPU
		{9A3C56CD-8333-4BCE-9038-04EBD900B5A8}.Release|Any CPU.Build.0 = Release|Any CPU
		{799BE8F1-C25C-40FF-9393-C62487666565}.Debug|Any CPU.ActiveCfg = Debug|Any CPU
		{799BE8F1-C25C-40FF-9393-C62487666565}.Debug|Any CPU.Build.0 = Debug|Any CPU
		{799BE8F1-C25C-40FF-9393-C62487666565}.Release|Any CPU.ActiveCfg = Release|Any CPU
		{799BE8F1-C25C-40FF-9393-C62487666565}.Release|Any CPU.Build.0 = Release|Any CPU
	EndGlobalSection
	GlobalSection(SolutionProperties) = preSolution
		HideSolutionNode = FALSE
	EndGlobalSection
	GlobalSection(ExtensibilityGlobals) = postSolution
		SolutionGuid = {652E11CA-9C49-4B1F-954F-0006F01C6F4C}
	EndGlobalSection
EndGlobal
